
Microsoft Visual Studio Solution File, Format Version 12.00
# Visual Studio 15
VisualStudioVersion = 15.0.27703.2026
MinimumVisualStudioVersion = 10.0.40219.1
Project("{FAE04EC0-301F-11D3-BF4B-00C04F79EFBC}") = "test_ble.Android", "test_ble\test_ble.Android\test_ble.Android.csproj", "{C03CA201-923F-4366-A10A-B7E1B7E8A06C}"
EndProject
Project("{FAE04EC0-301F-11D3-BF4B-00C04F79EFBC}") = "test_ble.iOS", "test_ble\test_ble.iOS\test_ble.iOS.csproj", "{1030BD3C-0C35-477F-B20D-A36C3E00D11C}"
EndProject
Project("{FAE04EC0-301F-11D3-BF4B-00C04F79EFBC}") = "test_ble", "test_ble\test_ble\test_ble.csproj", "{387D86B5-59F0-4191-A9E0-37884C7C7A44}"
EndProject
Global
	GlobalSection(SolutionConfigurationPlatforms) = preSolution
		Ad-Hoc|Any CPU = Ad-Hoc|Any CPU
		Ad-Hoc|iPhone = Ad-Hoc|iPhone
		Ad-Hoc|iPhoneSimulator = Ad-Hoc|iPhoneSimulator
		AppStore|Any CPU = AppStore|Any CPU
		AppStore|iPhone = AppStore|iPhone
		AppStore|iPhoneSimulator = AppStore|iPhoneSimulator
		Debug|Any CPU = Debug|Any CPU
		Debug|iPhone = Debug|iPhone
		Debug|iPhoneSimulator = Debug|iPhoneSimulator
		Release|Any CPU = Release|Any CPU
		Release|iPhone = Release|iPhone
		Release|iPhoneSimulator = Release|iPhoneSimulator
	EndGlobalSection
	GlobalSection(ProjectConfigurationPlatforms) = postSolution
		{C03CA201-923F-4366-A10A-B7E1B7E8A06C}.Ad-Hoc|Any CPU.ActiveCfg = Release|Any CPU
		{C03CA201-923F-4366-A10A-B7E1B7E8A06C}.Ad-Hoc|Any CPU.Build.0 = Release|Any CPU
		{C03CA201-923F-4366-A10A-B7E1B7E8A06C}.Ad-Hoc|Any CPU.Deploy.0 = Release|Any CPU
		{C03CA201-923F-4366-A10A-B7E1B7E8A06C}.Ad-Hoc|iPhone.ActiveCfg = Release|Any CPU
		{C03CA201-923F-4366-A10A-B7E1B7E8A06C}.Ad-Hoc|iPhone.Build.0 = Release|Any CPU
		{C03CA201-923F-4366-A10A-B7E1B7E8A06C}.Ad-Hoc|iPhone.Deploy.0 = Release|Any CPU
		{C03CA201-923F-4366-A10A-B7E1B7E8A06C}.Ad-Hoc|iPhoneSimulator.ActiveCfg = Release|Any CPU
		{C03CA201-923F-4366-A10A-B7E1B7E8A06C}.Ad-Hoc|iPhoneSimulator.Build.0 = Release|Any CPU
		{C03CA201-923F-4366-A10A-B7E1B7E8A06C}.Ad-Hoc|iPhoneSimulator.Deploy.0 = Release|Any CPU
		{C03CA201-923F-4366-A10A-B7E1B7E8A06C}.AppStore|Any CPU.ActiveCfg = Release|Any CPU
		{C03CA201-923F-4366-A10A-B7E1B7E8A06C}.AppStore|Any CPU.Build.0 = Release|Any CPU
		{C03CA201-923F-4366-A10A-B7E1B7E8A06C}.AppStore|Any CPU.Deploy.0 = Release|Any CPU
		{C03CA201-923F-4366-A10A-B7E1B7E8A06C}.AppStore|iPhone.ActiveCfg = Release|Any CPU
		{C03CA201-923F-4366-A10A-B7E1B7E8A06C}.AppStore|iPhone.Build.0 = Release|Any CPU
		{C03CA201-923F-4366-A10A-B7E1B7E8A06C}.AppStore|iPhone.Deploy.0 = Release|Any CPU
		{C03CA201-923F-4366-A10A-B7E1B7E8A06C}.AppStore|iPhoneSimulator.ActiveCfg = Release|Any CPU
		{C03CA201-923F-4366-A10A-B7E1B7E8A06C}.AppStore|iPhoneSimulator.Build.0 = Release|Any CPU
		{C03CA201-923F-4366-A10A-B7E1B7E8A06C}.AppStore|iPhoneSimulator.Deploy.0 = Release|Any CPU
		{C03CA201-923F-4366-A10A-B7E1B7E8A06C}.Debug|Any CPU.ActiveCfg = Debug|Any CPU
		{C03CA201-923F-4366-A10A-B7E1B7E8A06C}.Debug|Any CPU.Build.0 = Debug|Any CPU
		{C03CA201-923F-4366-A10A-B7E1B7E8A06C}.Debug|Any CPU.Deploy.0 = Debug|Any CPU
		{C03CA201-923F-4366-A10A-B7E1B7E8A06C}.Debug|iPhone.ActiveCfg = Debug|Any CPU
		{C03CA201-923F-4366-A10A-B7E1B7E8A06C}.Debug|iPhone.Build.0 = Debug|Any CPU
		{C03CA201-923F-4366-A10A-B7E1B7E8A06C}.Debug|iPhone.Deploy.0 = Debug|Any CPU
		{C03CA201-923F-4366-A10A-B7E1B7E8A06C}.Debug|iPhoneSimulator.ActiveCfg = Debug|Any CPU
		{C03CA201-923F-4366-A10A-B7E1B7E8A06C}.Debug|iPhoneSimulator.Build.0 = Debug|Any CPU
		{C03CA201-923F-4366-A10A-B7E1B7E8A06C}.Debug|iPhoneSimulator.Deploy.0 = Debug|Any CPU
		{C03CA201-923F-4366-A10A-B7E1B7E8A06C}.Release|Any CPU.ActiveCfg = Release|Any CPU
		{C03CA201-923F-4366-A10A-B7E1B7E8A06C}.Release|Any CPU.Build.0 = Release|Any CPU
		{C03CA201-923F-4366-A10A-B7E1B7E8A06C}.Release|Any CPU.Deploy.0 = Release|Any CPU
		{C03CA201-923F-4366-A10A-B7E1B7E8A06C}.Release|iPhone.ActiveCfg = Release|Any CPU
		{C03CA201-923F-4366-A10A-B7E1B7E8A06C}.Release|iPhone.Build.0 = Release|Any CPU
		{C03CA201-923F-4366-A10A-B7E1B7E8A06C}.Release|iPhone.Deploy.0 = Release|Any CPU
		{C03CA201-923F-4366-A10A-B7E1B7E8A06C}.Release|iPhoneSimulator.ActiveCfg = Release|Any CPU
		{C03CA201-923F-4366-A10A-B7E1B7E8A06C}.Release|iPhoneSimulator.Build.0 = Release|Any CPU
		{C03CA201-923F-4366-A10A-B7E1B7E8A06C}.Release|iPhoneSimulator.Deploy.0 = Release|Any CPU
		{1030BD3C-0C35-477F-B20D-A36C3E00D11C}.Ad-Hoc|Any CPU.ActiveCfg = Ad-Hoc|iPhone
		{1030BD3C-0C35-477F-B20D-A36C3E00D11C}.Ad-Hoc|Any CPU.Build.0 = Ad-Hoc|iPhone
		{1030BD3C-0C35-477F-B20D-A36C3E00D11C}.Ad-Hoc|Any CPU.Deploy.0 = Ad-Hoc|iPhone
		{1030BD3C-0C35-477F-B20D-A36C3E00D11C}.Ad-Hoc|iPhone.ActiveCfg = Ad-Hoc|iPhone
		{1030BD3C-0C35-477F-B20D-A36C3E00D11C}.Ad-Hoc|iPhone.Build.0 = Ad-Hoc|iPhone
		{1030BD3C-0C35-477F-B20D-A36C3E00D11C}.Ad-Hoc|iPhone.Deploy.0 = Ad-Hoc|iPhone
		{1030BD3C-0C35-477F-B20D-A36C3E00D11C}.Ad-Hoc|iPhoneSimulator.ActiveCfg = Ad-Hoc|iPhoneSimulator
		{1030BD3C-0C35-477F-B20D-A36C3E00D11C}.Ad-Hoc|iPhoneSimulator.Build.0 = Ad-Hoc|iPhoneSimulator
		{1030BD3C-0C35-477F-B20D-A36C3E00D11C}.Ad-Hoc|iPhoneSimulator.Deploy.0 = Ad-Hoc|iPhoneSimulator
		{1030BD3C-0C35-477F-B20D-A36C3E00D11C}.AppStore|Any CPU.ActiveCfg = AppStore|iPhone
		{1030BD3C-0C35-477F-B20D-A36C3E00D11C}.AppStore|Any CPU.Build.0 = AppStore|iPhone
		{1030BD3C-0C35-477F-B20D-A36C3E00D11C}.AppStore|Any CPU.Deploy.0 = AppStore|iPhone
		{1030BD3C-0C35-477F-B20D-A36C3E00D11C}.AppStore|iPhone.ActiveCfg = AppStore|iPhone
		{1030BD3C-0C35-477F-B20D-A36C3E00D11C}.AppStore|iPhone.Build.0 = AppStore|iPhone
		{1030BD3C-0C35-477F-B20D-A36C3E00D11C}.AppStore|iPhone.Deploy.0 = AppStore|iPhone
		{1030BD3C-0C35-477F-B20D-A36C3E00D11C}.AppStore|iPhoneSimulator.ActiveCfg = AppStore|iPhoneSimulator
		{1030BD3C-0C35-477F-B20D-A36C3E00D11C}.AppStore|iPhoneSimulator.Build.0 = AppStore|iPhoneSimulator
		{1030BD3C-0C35-477F-B20D-A36C3E00D11C}.AppStore|iPhoneSimulator.Deploy.0 = AppStore|iPhoneSimulator
		{1030BD3C-0C35-477F-B20D-A36C3E00D11C}.Debug|Any CPU.ActiveCfg = Debug|iPhoneSimulator
		{1030BD3C-0C35-477F-B20D-A36C3E00D11C}.Debug|Any CPU.Deploy.0 = Debug|iPhoneSimulator
		{1030BD3C-0C35-477F-B20D-A36C3E00D11C}.Debug|iPhone.ActiveCfg = Debug|iPhone
		{1030BD3C-0C35-477F-B20D-A36C3E00D11C}.Debug|iPhone.Build.0 = Debug|iPhone
		{1030BD3C-0C35-477F-B20D-A36C3E00D11C}.Debug|iPhone.Deploy.0 = Debug|iPhone
		{1030BD3C-0C35-477F-B20D-A36C3E00D11C}.Debug|iPhoneSimulator.ActiveCfg = Debug|iPhoneSimulator
		{1030BD3C-0C35-477F-B20D-A36C3E00D11C}.Debug|iPhoneSimulator.Build.0 = Debug|iPhoneSimulator
		{1030BD3C-0C35-477F-B20D-A36C3E00D11C}.Debug|iPhoneSimulator.Deploy.0 = Debug|iPhoneSimulator
		{1030BD3C-0C35-477F-B20D-A36C3E00D11C}.Release|Any CPU.ActiveCfg = Release|iPhone
		{1030BD3C-0C35-477F-B20D-A36C3E00D11C}.Release|Any CPU.Build.0 = Release|iPhone
		{1030BD3C-0C35-477F-B20D-A36C3E00D11C}.Release|Any CPU.Deploy.0 = Release|iPhone
		{1030BD3C-0C35-477F-B20D-A36C3E00D11C}.Release|iPhone.ActiveCfg = Release|iPhone
		{1030BD3C-0C35-477F-B20D-A36C3E00D11C}.Release|iPhone.Build.0 = Release|iPhone
		{1030BD3C-0C35-477F-B20D-A36C3E00D11C}.Release|iPhone.Deploy.0 = Release|iPhone
		{1030BD3C-0C35-477F-B20D-A36C3E00D11C}.Release|iPhoneSimulator.ActiveCfg = Release|iPhoneSimulator
		{1030BD3C-0C35-477F-B20D-A36C3E00D11C}.Release|iPhoneSimulator.Build.0 = Release|iPhoneSimulator
		{1030BD3C-0C35-477F-B20D-A36C3E00D11C}.Release|iPhoneSimulator.Deploy.0 = Release|iPhoneSimulator
		{387D86B5-59F0-4191-A9E0-37884C7C7A44}.Ad-Hoc|Any CPU.ActiveCfg = Debug|Any CPU
		{387D86B5-59F0-4191-A9E0-37884C7C7A44}.Ad-Hoc|Any CPU.Build.0 = Debug|Any CPU
		{387D86B5-59F0-4191-A9E0-37884C7C7A44}.Ad-Hoc|Any CPU.Deploy.0 = Debug|Any CPU
		{387D86B5-59F0-4191-A9E0-37884C7C7A44}.Ad-Hoc|iPhone.ActiveCfg = Debug|Any CPU
		{387D86B5-59F0-4191-A9E0-37884C7C7A44}.Ad-Hoc|iPhone.Build.0 = Debug|Any CPU
		{387D86B5-59F0-4191-A9E0-37884C7C7A44}.Ad-Hoc|iPhone.Deploy.0 = Debug|Any CPU
		{387D86B5-59F0-4191-A9E0-37884C7C7A44}.Ad-Hoc|iPhoneSimulator.ActiveCfg = Debug|Any CPU
		{387D86B5-59F0-4191-A9E0-37884C7C7A44}.Ad-Hoc|iPhoneSimulator.Build.0 = Debug|Any CPU
		{387D86B5-59F0-4191-A9E0-37884C7C7A44}.Ad-Hoc|iPhoneSimulator.Deploy.0 = Debug|Any CPU
		{387D86B5-59F0-4191-A9E0-37884C7C7A44}.AppStore|Any CPU.ActiveCfg = Debug|Any CPU
		{387D86B5-59F0-4191-A9E0-37884C7C7A44}.AppStore|Any CPU.Build.0 = Debug|Any CPU
		{387D86B5-59F0-4191-A9E0-37884C7C7A44}.AppStore|Any CPU.Deploy.0 = Debug|Any CPU
		{387D86B5-59F0-4191-A9E0-37884C7C7A44}.AppStore|iPhone.ActiveCfg = Debug|Any CPU
		{387D86B5-59F0-4191-A9E0-37884C7C7A44}.AppStore|iPhone.Build.0 = Debug|Any CPU
		{387D86B5-59F0-4191-A9E0-37884C7C7A44}.AppStore|iPhone.Deploy.0 = Debug|Any CPU
		{387D86B5-59F0-4191-A9E0-37884C7C7A44}.AppStore|iPhoneSimulator.ActiveCfg = Debug|Any CPU
		{387D86B5-59F0-4191-A9E0-37884C7C7A44}.AppStore|iPhoneSimulator.Build.0 = Debug|Any CPU
		{387D86B5-59F0-4191-A9E0-37884C7C7A44}.AppStore|iPhoneSimulator.Deploy.0 = Debug|Any CPU
		{387D86B5-59F0-4191-A9E0-37884C7C7A44}.Debug|Any CPU.ActiveCfg = Debug|Any CPU
		{387D86B5-59F0-4191-A9E0-37884C7C7A44}.Debug|Any CPU.Build.0 = Debug|Any CPU
		{387D86B5-59F0-4191-A9E0-37884C7C7A44}.Debug|Any CPU.Deploy.0 = Debug|Any CPU
		{387D86B5-59F0-4191-A9E0-37884C7C7A44}.Debug|iPhone.ActiveCfg = Debug|Any CPU
		{387D86B5-59F0-4191-A9E0-37884C7C7A44}.Debug|iPhone.Build.0 = Debug|Any CPU
		{387D86B5-59F0-4191-A9E0-37884C7C7A44}.Debug|iPhone.Deploy.0 = Debug|Any CPU
		{387D86B5-59F0-4191-A9E0-37884C7C7A44}.Debug|iPhoneSimulator.ActiveCfg = Debug|Any CPU
		{387D86B5-59F0-4191-A9E0-37884C7C7A44}.Debug|iPhoneSimulator.Build.0 = Debug|Any CPU
		{387D86B5-59F0-4191-A9E0-37884C7C7A44}.Debug|iPhoneSimulator.Deploy.0 = Debug|Any CPU
		{387D86B5-59F0-4191-A9E0-37884C7C7A44}.Release|Any CPU.ActiveCfg = Release|Any CPU
		{387D86B5-59F0-4191-A9E0-37884C7C7A44}.Release|Any CPU.Build.0 = Release|Any CPU
		{387D86B5-59F0-4191-A9E0-37884C7C7A44}.Release|Any CPU.Deploy.0 = Release|Any CPU
		{387D86B5-59F0-4191-A9E0-37884C7C7A44}.Release|iPhone.ActiveCfg = Release|Any CPU
		{387D86B5-59F0-4191-A9E0-37884C7C7A44}.Release|iPhone.Build.0 = Release|Any CPU
		{387D86B5-59F0-4191-A9E0-37884C7C7A44}.Release|iPhone.Deploy.0 = Release|Any CPU
		{387D86B5-59F0-4191-A9E0-37884C7C7A44}.Release|iPhoneSimulator.ActiveCfg = Release|Any CPU
		{387D86B5-59F0-4191-A9E0-37884C7C7A44}.Release|iPhoneSimulator.Build.0 = Release|Any CPU
		{387D86B5-59F0-4191-A9E0-37884C7C7A44}.Release|iPhoneSimulator.Deploy.0 = Release|Any CPU
	EndGlobalSection
	GlobalSection(SolutionProperties) = preSolution
		HideSolutionNode = FALSE
	EndGlobalSection
	GlobalSection(ExtensibilityGlobals) = postSolution
		SolutionGuid = {C74C204C-ED5A-45DC-BD7F-8BA19821D001}
	EndGlobalSection
EndGlobal
